
Microsoft Visual Studio Solution File, Format Version 12.00
# Visual Studio 14
VisualStudioVersion = 14.0.25420.1
MinimumVisualStudioVersion = 10.0.40219.1
Project("{8BC9CEB8-8B4A-11D0-8D11-00A0C91BC942}") = "hashTools", "HashTools\HashTools.vcxproj", "{38C991BC-974C-4B82-9717-471616FDEB48}"
	ProjectSection(ProjectDependencies) = postProject
		{3A5CF6B3-590F-4118-B6DE-41E9F95F2D2C} = {3A5CF6B3-590F-4118-B6DE-41E9F95F2D2C}
	EndProjectSection
EndProject
Project("{8BC9CEB8-8B4A-11D0-8D11-00A0C91BC942}") = "ctMemory", "ctMemory\ctMemory.vcxproj", "{3A5CF6B3-590F-4118-B6DE-41E9F95F2D2C}"
EndProject
Project("{2150E333-8FDC-42A3-9474-1A3956D46DE8}") = "Tests", "Tests", "{FC6ED929-2504-49AF-94DF-FEAFFE21DC8B}"
EndProject
Project("{2150E333-8FDC-42A3-9474-1A3956D46DE8}") = "hashTools", "hashTools", "{85DD680B-E784-40B2-A7F8-926763C699A8}"
EndProject
Project("{8BC9CEB8-8B4A-11D0-8D11-00A0C91BC942}") = "hashTools_smoke", "tests\htSmoke\hashTools_smoke.vcxproj", "{8E9F3D38-A599-49AD-9C82-0EE11B5964E3}"
	ProjectSection(ProjectDependencies) = postProject
		{3A5CF6B3-590F-4118-B6DE-41E9F95F2D2C} = {3A5CF6B3-590F-4118-B6DE-41E9F95F2D2C}
		{38C991BC-974C-4B82-9717-471616FDEB48} = {38C991BC-974C-4B82-9717-471616FDEB48}
	EndProjectSection
EndProject
Project("{2150E333-8FDC-42A3-9474-1A3956D46DE8}") = "Solution Items", "Solution Items", "{8823F395-BDB5-4E8D-BCE8-2A64BB510D61}"
	ProjectSection(SolutionItems) = preProject
		CopyrightHeader.txt = CopyrightHeader.txt
		LICENSE.txt = LICENSE.txt
		MIT-LICENSE = MIT-LICENSE
	EndProjectSection
EndProject
Project("{8BC9CEB8-8B4A-11D0-8D11-00A0C91BC942}") = "numerical", "numerical\numerical.vcxproj", "{A247651F-A634-4620-9DB1-00C7B633122F}"
	ProjectSection(ProjectDependencies) = postProject
		{3A5CF6B3-590F-4118-B6DE-41E9F95F2D2C} = {3A5CF6B3-590F-4118-B6DE-41E9F95F2D2C}
	EndProjectSection
EndProject
Project("{8BC9CEB8-8B4A-11D0-8D11-00A0C91BC942}") = "rng", "rng\rng.vcxproj", "{19FD521B-E07F-4122-B106-758A39C72AF7}"
	ProjectSection(ProjectDependencies) = postProject
		{3A5CF6B3-590F-4118-B6DE-41E9F95F2D2C} = {3A5CF6B3-590F-4118-B6DE-41E9F95F2D2C}
	EndProjectSection
EndProject
Project("{8BC9CEB8-8B4A-11D0-8D11-00A0C91BC942}") = "containers", "containers\containers.vcxproj", "{4656CF98-8ED6-4B5A-8732-E803E0CCD1C9}"
	ProjectSection(ProjectDependencies) = postProject
		{3A5CF6B3-590F-4118-B6DE-41E9F95F2D2C} = {3A5CF6B3-590F-4118-B6DE-41E9F95F2D2C}
	EndProjectSection
EndProject
Project("{2150E333-8FDC-42A3-9474-1A3956D46DE8}") = "containers", "containers", "{F205A196-291E-416F-AC23-EA4938ACB8DE}"
EndProject
Project("{8BC9CEB8-8B4A-11D0-8D11-00A0C91BC942}") = "conainerSmoke", "tests\containerSmoke\containerSmoke.vcxproj", "{DBB7A00D-D420-4098-85BE-8B88875AA142}"
	ProjectSection(ProjectDependencies) = postProject
		{4656CF98-8ED6-4B5A-8732-E803E0CCD1C9} = {4656CF98-8ED6-4B5A-8732-E803E0CCD1C9}
		{3A5CF6B3-590F-4118-B6DE-41E9F95F2D2C} = {3A5CF6B3-590F-4118-B6DE-41E9F95F2D2C}
	EndProjectSection
EndProject
Project("{8BC9CEB8-8B4A-11D0-8D11-00A0C91BC942}") = "containerExceptionSafety", "tests\containerExceptionSafety\containerExceptionSafety.vcxproj", "{1FEBA981-E5A1-48F0-A50B-8F88BF23C61C}"
	ProjectSection(ProjectDependencies) = postProject
		{4656CF98-8ED6-4B5A-8732-E803E0CCD1C9} = {4656CF98-8ED6-4B5A-8732-E803E0CCD1C9}
		{3A5CF6B3-590F-4118-B6DE-41E9F95F2D2C} = {3A5CF6B3-590F-4118-B6DE-41E9F95F2D2C}
	EndProjectSection
EndProject
Project("{8BC9CEB8-8B4A-11D0-8D11-00A0C91BC942}") = "ioTools", "ioTools\ioTools.vcxproj", "{030CD141-4865-45B1-8BE4-8A7B75489010}"
	ProjectSection(ProjectDependencies) = postProject
		{3A5CF6B3-590F-4118-B6DE-41E9F95F2D2C} = {3A5CF6B3-590F-4118-B6DE-41E9F95F2D2C}
	EndProjectSection
EndProject
Project("{2150E333-8FDC-42A3-9474-1A3956D46DE8}") = "ioTools", "ioTools", "{C7DCDA00-19DA-403C-87BE-AE279C143166}"
EndProject
Project("{8BC9CEB8-8B4A-11D0-8D11-00A0C91BC942}") = "ioFileBasic", "tests\ioFileBasic\ioFileBasic.vcxproj", "{21D62DF3-EC6D-43CE-A386-1537FBEBC757}"
	ProjectSection(ProjectDependencies) = postProject
		{030CD141-4865-45B1-8BE4-8A7B75489010} = {030CD141-4865-45B1-8BE4-8A7B75489010}
	EndProjectSection
EndProject
Project("{8BC9CEB8-8B4A-11D0-8D11-00A0C91BC942}") = "processes", "processes\processes.vcxproj", "{8806A6AE-A863-4AD4-9057-CA74A7134216}"
	ProjectSection(ProjectDependencies) = postProject
		{3A5CF6B3-590F-4118-B6DE-41E9F95F2D2C} = {3A5CF6B3-590F-4118-B6DE-41E9F95F2D2C}
	EndProjectSection
EndProject
Global
	GlobalSection(SolutionConfigurationPlatforms) = preSolution
		Debug|x64 = Debug|x64
		Debug|x86 = Debug|x86
		Release|x64 = Release|x64
		Release|x86 = Release|x86
	EndGlobalSection
	GlobalSection(ProjectConfigurationPlatforms) = postSolution
		{38C991BC-974C-4B82-9717-471616FDEB48}.Debug|x64.ActiveCfg = Debug|x64
		{38C991BC-974C-4B82-9717-471616FDEB48}.Debug|x64.Build.0 = Debug|x64
		{38C991BC-974C-4B82-9717-471616FDEB48}.Debug|x86.ActiveCfg = Debug|Win32
		{38C991BC-974C-4B82-9717-471616FDEB48}.Debug|x86.Build.0 = Debug|Win32
		{38C991BC-974C-4B82-9717-471616FDEB48}.Release|x64.ActiveCfg = Release|x64
		{38C991BC-974C-4B82-9717-471616FDEB48}.Release|x64.Build.0 = Release|x64
		{38C991BC-974C-4B82-9717-471616FDEB48}.Release|x86.ActiveCfg = Release|Win32
		{38C991BC-974C-4B82-9717-471616FDEB48}.Release|x86.Build.0 = Release|Win32
		{3A5CF6B3-590F-4118-B6DE-41E9F95F2D2C}.Debug|x64.ActiveCfg = Debug|x64
		{3A5CF6B3-590F-4118-B6DE-41E9F95F2D2C}.Debug|x64.Build.0 = Debug|x64
		{3A5CF6B3-590F-4118-B6DE-41E9F95F2D2C}.Debug|x86.ActiveCfg = Debug|Win32
		{3A5CF6B3-590F-4118-B6DE-41E9F95F2D2C}.Debug|x86.Build.0 = Debug|Win32
		{3A5CF6B3-590F-4118-B6DE-41E9F95F2D2C}.Release|x64.ActiveCfg = Release|x64
		{3A5CF6B3-590F-4118-B6DE-41E9F95F2D2C}.Release|x64.Build.0 = Release|x64
		{3A5CF6B3-590F-4118-B6DE-41E9F95F2D2C}.Release|x86.ActiveCfg = Release|Win32
		{3A5CF6B3-590F-4118-B6DE-41E9F95F2D2C}.Release|x86.Build.0 = Release|Win32
		{8E9F3D38-A599-49AD-9C82-0EE11B5964E3}.Debug|x64.ActiveCfg = Debug|x64
		{8E9F3D38-A599-49AD-9C82-0EE11B5964E3}.Debug|x64.Build.0 = Debug|x64
		{8E9F3D38-A599-49AD-9C82-0EE11B5964E3}.Debug|x86.ActiveCfg = Debug|Win32
		{8E9F3D38-A599-49AD-9C82-0EE11B5964E3}.Debug|x86.Build.0 = Debug|Win32
		{8E9F3D38-A599-49AD-9C82-0EE11B5964E3}.Release|x64.ActiveCfg = Release|x64
		{8E9F3D38-A599-49AD-9C82-0EE11B5964E3}.Release|x64.Build.0 = Release|x64
		{8E9F3D38-A599-49AD-9C82-0EE11B5964E3}.Release|x86.ActiveCfg = Release|Win32
		{8E9F3D38-A599-49AD-9C82-0EE11B5964E3}.Release|x86.Build.0 = Release|Win32
		{A247651F-A634-4620-9DB1-00C7B633122F}.Debug|x64.ActiveCfg = Debug|x64
		{A247651F-A634-4620-9DB1-00C7B633122F}.Debug|x64.Build.0 = Debug|x64
		{A247651F-A634-4620-9DB1-00C7B633122F}.Debug|x86.ActiveCfg = Debug|Win32
		{A247651F-A634-4620-9DB1-00C7B633122F}.Debug|x86.Build.0 = Debug|Win32
		{A247651F-A634-4620-9DB1-00C7B633122F}.Release|x64.ActiveCfg = Release|x64
		{A247651F-A634-4620-9DB1-00C7B633122F}.Release|x64.Build.0 = Release|x64
		{A247651F-A634-4620-9DB1-00C7B633122F}.Release|x86.ActiveCfg = Release|Win32
		{A247651F-A634-4620-9DB1-00C7B633122F}.Release|x86.Build.0 = Release|Win32
		{19FD521B-E07F-4122-B106-758A39C72AF7}.Debug|x64.ActiveCfg = Debug|x64
		{19FD521B-E07F-4122-B106-758A39C72AF7}.Debug|x64.Build.0 = Debug|x64
		{19FD521B-E07F-4122-B106-758A39C72AF7}.Debug|x86.ActiveCfg = Debug|Win32
		{19FD521B-E07F-4122-B106-758A39C72AF7}.Debug|x86.Build.0 = Debug|Win32
		{19FD521B-E07F-4122-B106-758A39C72AF7}.Release|x64.ActiveCfg = Release|x64
		{19FD521B-E07F-4122-B106-758A39C72AF7}.Release|x64.Build.0 = Release|x64
		{19FD521B-E07F-4122-B106-758A39C72AF7}.Release|x86.ActiveCfg = Release|Win32
		{19FD521B-E07F-4122-B106-758A39C72AF7}.Release|x86.Build.0 = Release|Win32
		{4656CF98-8ED6-4B5A-8732-E803E0CCD1C9}.Debug|x64.ActiveCfg = Debug|x64
		{4656CF98-8ED6-4B5A-8732-E803E0CCD1C9}.Debug|x64.Build.0 = Debug|x64
		{4656CF98-8ED6-4B5A-8732-E803E0CCD1C9}.Debug|x86.ActiveCfg = Debug|Win32
		{4656CF98-8ED6-4B5A-8732-E803E0CCD1C9}.Debug|x86.Build.0 = Debug|Win32
		{4656CF98-8ED6-4B5A-8732-E803E0CCD1C9}.Release|x64.ActiveCfg = Release|x64
		{4656CF98-8ED6-4B5A-8732-E803E0CCD1C9}.Release|x64.Build.0 = Release|x64
		{4656CF98-8ED6-4B5A-8732-E803E0CCD1C9}.Release|x86.ActiveCfg = Release|Win32
		{4656CF98-8ED6-4B5A-8732-E803E0CCD1C9}.Release|x86.Build.0 = Release|Win32
		{DBB7A00D-D420-4098-85BE-8B88875AA142}.Debug|x64.ActiveCfg = Debug|x64
		{DBB7A00D-D420-4098-85BE-8B88875AA142}.Debug|x64.Build.0 = Debug|x64
		{DBB7A00D-D420-4098-85BE-8B88875AA142}.Debug|x86.ActiveCfg = Debug|Win32
		{DBB7A00D-D420-4098-85BE-8B88875AA142}.Debug|x86.Build.0 = Debug|Win32
		{DBB7A00D-D420-4098-85BE-8B88875AA142}.Release|x64.ActiveCfg = Release|x64
		{DBB7A00D-D420-4098-85BE-8B88875AA142}.Release|x64.Build.0 = Release|x64
		{DBB7A00D-D420-4098-85BE-8B88875AA142}.Release|x86.ActiveCfg = Release|Win32
		{DBB7A00D-D420-4098-85BE-8B88875AA142}.Release|x86.Build.0 = Release|Win32
		{1FEBA981-E5A1-48F0-A50B-8F88BF23C61C}.Debug|x64.ActiveCfg = Debug|x64
		{1FEBA981-E5A1-48F0-A50B-8F88BF23C61C}.Debug|x64.Build.0 = Debug|x64
		{1FEBA981-E5A1-48F0-A50B-8F88BF23C61C}.Debug|x86.ActiveCfg = Debug|Win32
		{1FEBA981-E5A1-48F0-A50B-8F88BF23C61C}.Debug|x86.Build.0 = Debug|Win32
		{1FEBA981-E5A1-48F0-A50B-8F88BF23C61C}.Release|x64.ActiveCfg = Release|x64
		{1FEBA981-E5A1-48F0-A50B-8F88BF23C61C}.Release|x64.Build.0 = Release|x64
		{1FEBA981-E5A1-48F0-A50B-8F88BF23C61C}.Release|x86.ActiveCfg = Release|Win32
		{1FEBA981-E5A1-48F0-A50B-8F88BF23C61C}.Release|x86.Build.0 = Release|Win32
		{030CD141-4865-45B1-8BE4-8A7B75489010}.Debug|x64.ActiveCfg = Debug|x64
		{030CD141-4865-45B1-8BE4-8A7B75489010}.Debug|x64.Build.0 = Debug|x64
		{030CD141-4865-45B1-8BE4-8A7B75489010}.Debug|x86.ActiveCfg = Debug|Win32
		{030CD141-4865-45B1-8BE4-8A7B75489010}.Debug|x86.Build.0 = Debug|Win32
		{030CD141-4865-45B1-8BE4-8A7B75489010}.Release|x64.ActiveCfg = Release|x64
		{030CD141-4865-45B1-8BE4-8A7B75489010}.Release|x64.Build.0 = Release|x64
		{030CD141-4865-45B1-8BE4-8A7B75489010}.Release|x86.ActiveCfg = Release|Win32
		{030CD141-4865-45B1-8BE4-8A7B75489010}.Release|x86.Build.0 = Release|Win32
		{21D62DF3-EC6D-43CE-A386-1537FBEBC757}.Debug|x64.ActiveCfg = Debug|x64
		{21D62DF3-EC6D-43CE-A386-1537FBEBC757}.Debug|x64.Build.0 = Debug|x64
		{21D62DF3-EC6D-43CE-A386-1537FBEBC757}.Debug|x86.ActiveCfg = Debug|Win32
		{21D62DF3-EC6D-43CE-A386-1537FBEBC757}.Debug|x86.Build.0 = Debug|Win32
		{21D62DF3-EC6D-43CE-A386-1537FBEBC757}.Release|x64.ActiveCfg = Release|x64
		{21D62DF3-EC6D-43CE-A386-1537FBEBC757}.Release|x64.Build.0 = Release|x64
		{21D62DF3-EC6D-43CE-A386-1537FBEBC757}.Release|x86.ActiveCfg = Release|Win32
		{21D62DF3-EC6D-43CE-A386-1537FBEBC757}.Release|x86.Build.0 = Release|Win32
		{8806A6AE-A863-4AD4-9057-CA74A7134216}.Debug|x64.ActiveCfg = Debug|x64
		{8806A6AE-A863-4AD4-9057-CA74A7134216}.Debug|x64.Build.0 = Debug|x64
		{8806A6AE-A863-4AD4-9057-CA74A7134216}.Debug|x86.ActiveCfg = Debug|Win32
		{8806A6AE-A863-4AD4-9057-CA74A7134216}.Debug|x86.Build.0 = Debug|Win32
		{8806A6AE-A863-4AD4-9057-CA74A7134216}.Release|x64.ActiveCfg = Release|x64
		{8806A6AE-A863-4AD4-9057-CA74A7134216}.Release|x64.Build.0 = Release|x64
		{8806A6AE-A863-4AD4-9057-CA74A7134216}.Release|x86.ActiveCfg = Release|Win32
		{8806A6AE-A863-4AD4-9057-CA74A7134216}.Release|x86.Build.0 = Release|Win32
	EndGlobalSection
	GlobalSection(SolutionProperties) = preSolution
		HideSolutionNode = FALSE
	EndGlobalSection
	GlobalSection(NestedProjects) = preSolution
		{85DD680B-E784-40B2-A7F8-926763C699A8} = {FC6ED929-2504-49AF-94DF-FEAFFE21DC8B}
		{8E9F3D38-A599-49AD-9C82-0EE11B5964E3} = {85DD680B-E784-40B2-A7F8-926763C699A8}
		{F205A196-291E-416F-AC23-EA4938ACB8DE} = {FC6ED929-2504-49AF-94DF-FEAFFE21DC8B}
		{DBB7A00D-D420-4098-85BE-8B88875AA142} = {F205A196-291E-416F-AC23-EA4938ACB8DE}
		{1FEBA981-E5A1-48F0-A50B-8F88BF23C61C} = {F205A196-291E-416F-AC23-EA4938ACB8DE}
		{C7DCDA00-19DA-403C-87BE-AE279C143166} = {FC6ED929-2504-49AF-94DF-FEAFFE21DC8B}
		{21D62DF3-EC6D-43CE-A386-1537FBEBC757} = {C7DCDA00-19DA-403C-87BE-AE279C143166}
	EndGlobalSection
EndGlobal
