<?xml version="1.0" encoding="utf-8"?>
<Project ToolsVersion="4.0" xmlns="http://schemas.microsoft.com/developer/msbuild/2003">
  <ItemGroup>
    <ClCompile Include="..\src\ctnew.cpp" />
    <ClCompile Include="src\ioBuffer.cpp">
      <Filter>Source</Filter>
    </ClCompile>
    <ClCompile Include="src\ioMemoryObject.cpp">
      <Filter>Source</Filter>
    </ClCompile>
    <ClCompile Include="src\ioObject.cpp">
      <Filter>Source</Filter>
    </ClCompile>
    <ClCompile Include="src\ioSocketObject.cpp">
      <Filter>Source</Filter>
    </ClCompile>
    <ClCompile Include="src\ioFileObjectWin.cpp">
      <Filter>ioFileObject</Filter>
    </ClCompile>
    <ClCompile Include="src\ioMutexWin.cpp">
      <Filter>Source</Filter>
    </ClCompile>
  </ItemGroup>
  <ItemGroup>
    <Filter Include="Headers">
      <UniqueIdentifier>{5b5ed9de-fecf-4214-af38-ab216ce6c5c0}</UniqueIdentifier>
    </Filter>
    <Filter Include="Source">
      <UniqueIdentifier>{c7347207-42f7-44cc-82b4-73be308f1436}</UniqueIdentifier>
    </Filter>
    <Filter Include="ioFileObject">
      <UniqueIdentifier>{21a21b29-af8f-461b-b194-ff747c98edd9}</UniqueIdentifier>
    </Filter>
  </ItemGroup>
  <ItemGroup>
    <ClInclude Include="..\inc\ioTools\ioBuffer.h">
      <Filter>Headers</Filter>
    </ClInclude>
    <ClInclude Include="..\inc\ioTools\ioMemoryObject.h">
      <Filter>Headers</Filter>
    </ClInclude>
    <ClInclude Include="..\inc\ioTools\ioObject.h">
      <Filter>Headers</Filter>
    </ClInclude>
    <ClInclude Include="..\inc\ioTools\ioSocketObject.h">
      <Filter>Headers</Filter>
    </ClInclude>
    <ClInclude Include="..\inc\ioTools\ioFileObject.h">
      <Filter>ioFileObject</Filter>
    </ClInclude>
    <ClInclude Include="..\inc\ioTools\ioMutex.h">
      <Filter>Headers</Filter>
    </ClInclude>
    <ClInclude Include="..\inc\ioTools\ioFuture.h">
      <Filter>Headers</Filter>
    </ClInclude>
  </ItemGroup>
</Project>